
Microsoft Visual Studio Solution File, Format Version 11.00
# Visual Studio 2010
Project("{FAE04EC0-301F-11D3-BF4B-00C04F79EFBC}") = "FinanceConsulting.Web", "FinanceConsulting.Web\FinanceConsulting.Web.csproj", "{35022775-1BDC-4FEA-9E01-78C659B30A68}"
EndProject
Project("{FAE04EC0-301F-11D3-BF4B-00C04F79EFBC}") = "FinanceConsulting.Web.Tests", "FinanceConsulting.Web.Tests\FinanceConsulting.Web.Tests.csproj", "{7C122882-BB13-4F49-8A0D-883F7468CAE7}"
EndProject
Global
	GlobalSection(SolutionConfigurationPlatforms) = preSolution
		Debug|Any CPU = Debug|Any CPU
		Release|Any CPU = Release|Any CPU
	EndGlobalSection
	GlobalSection(ProjectConfigurationPlatforms) = postSolution
		{35022775-1BDC-4FEA-9E01-78C659B30A68}.Debug|Any CPU.ActiveCfg = Debug|Any CPU
		{35022775-1BDC-4FEA-9E01-78C659B30A68}.Debug|Any CPU.Build.0 = Debug|Any CPU
		{35022775-1BDC-4FEA-9E01-78C659B30A68}.Release|Any CPU.ActiveCfg = Release|Any CPU
		{35022775-1BDC-4FEA-9E01-78C659B30A68}.Release|Any CPU.Build.0 = Release|Any CPU
		{7C122882-BB13-4F49-8A0D-883F7468CAE7}.Debug|Any CPU.ActiveCfg = Debug|Any CPU
		{7C122882-BB13-4F49-8A0D-883F7468CAE7}.Debug|Any CPU.Build.0 = Debug|Any CPU
		{7C122882-BB13-4F49-8A0D-883F7468CAE7}.Release|Any CPU.ActiveCfg = Release|Any CPU
		{7C122882-BB13-4F49-8A0D-883F7468CAE7}.Release|Any CPU.Build.0 = Release|Any CPU
	EndGlobalSection
	GlobalSection(SolutionProperties) = preSolution
		HideSolutionNode = FALSE
	EndGlobalSection
EndGlobal
